
Microsoft Visual Studio Solution File, Format Version 12.00
# Visual Studio Version 17
VisualStudioVersion = 17.14.36603.0
MinimumVisualStudioVersion = 10.0.40219.1
Project("{FAE04EC0-301F-11D3-BF4B-00C04F79EFBC}") = "Backend", "Backend\Backend.csproj", "{ACDD27DB-AA73-4BEB-B3BF-752D58376EF8}"
EndProject
Project("{FAE04EC0-301F-11D3-BF4B-00C04F79EFBC}") = "Domain", "Domain\Domain.csproj", "{D3431612-FE7C-47A4-8F7F-301A5234B1F0}"
EndProject
Project("{FAE04EC0-301F-11D3-BF4B-00C04F79EFBC}") = "Application.Contracts", "Application.Contracts\Application.Contracts.csproj", "{A95076F5-F44A-471F-89B1-A3EADE7171A6}"
EndProject
Project("{FAE04EC0-301F-11D3-BF4B-00C04F79EFBC}") = "Application", "Application\Application.csproj", "{62C58497-45E2-444B-8C1E-0980622C609A}"
EndProject
Project("{FAE04EC0-301F-11D3-BF4B-00C04F79EFBC}") = "Infrastructure", "Infrastructure\Infrastructure.csproj", "{08721269-B07B-400F-B8D5-A30BDBF95CDA}"
EndProject
Global
	GlobalSection(SolutionConfigurationPlatforms) = preSolution
		Debug|Any CPU = Debug|Any CPU
		Release|Any CPU = Release|Any CPU
	EndGlobalSection
	GlobalSection(ProjectConfigurationPlatforms) = postSolution
		{ACDD27DB-AA73-4BEB-B3BF-752D58376EF8}.Debug|Any CPU.ActiveCfg = Debug|Any CPU
		{ACDD27DB-AA73-4BEB-B3BF-752D58376EF8}.Debug|Any CPU.Build.0 = Debug|Any CPU
		{ACDD27DB-AA73-4BEB-B3BF-752D58376EF8}.Release|Any CPU.ActiveCfg = Release|Any CPU
		{ACDD27DB-AA73-4BEB-B3BF-752D58376EF8}.Release|Any CPU.Build.0 = Release|Any CPU
		{D3431612-FE7C-47A4-8F7F-301A5234B1F0}.Debug|Any CPU.ActiveCfg = Debug|Any CPU
		{D3431612-FE7C-47A4-8F7F-301A5234B1F0}.Debug|Any CPU.Build.0 = Debug|Any CPU
		{D3431612-FE7C-47A4-8F7F-301A5234B1F0}.Release|Any CPU.ActiveCfg = Release|Any CPU
		{D3431612-FE7C-47A4-8F7F-301A5234B1F0}.Release|Any CPU.Build.0 = Release|Any CPU
		{A95076F5-F44A-471F-89B1-A3EADE7171A6}.Debug|Any CPU.ActiveCfg = Debug|Any CPU
		{A95076F5-F44A-471F-89B1-A3EADE7171A6}.Debug|Any CPU.Build.0 = Debug|Any CPU
		{A95076F5-F44A-471F-89B1-A3EADE7171A6}.Release|Any CPU.ActiveCfg = Release|Any CPU
		{A95076F5-F44A-471F-89B1-A3EADE7171A6}.Release|Any CPU.Build.0 = Release|Any CPU
		{62C58497-45E2-444B-8C1E-0980622C609A}.Debug|Any CPU.ActiveCfg = Debug|Any CPU
		{62C58497-45E2-444B-8C1E-0980622C609A}.Debug|Any CPU.Build.0 = Debug|Any CPU
		{62C58497-45E2-444B-8C1E-0980622C609A}.Release|Any CPU.ActiveCfg = Release|Any CPU
		{62C58497-45E2-444B-8C1E-0980622C609A}.Release|Any CPU.Build.0 = Release|Any CPU
		{08721269-B07B-400F-B8D5-A30BDBF95CDA}.Debug|Any CPU.ActiveCfg = Debug|Any CPU
		{08721269-B07B-400F-B8D5-A30BDBF95CDA}.Debug|Any CPU.Build.0 = Debug|Any CPU
		{08721269-B07B-400F-B8D5-A30BDBF95CDA}.Release|Any CPU.ActiveCfg = Release|Any CPU
		{08721269-B07B-400F-B8D5-A30BDBF95CDA}.Release|Any CPU.Build.0 = Release|Any CPU
	EndGlobalSection
	GlobalSection(SolutionProperties) = preSolution
		HideSolutionNode = FALSE
	EndGlobalSection
	GlobalSection(ExtensibilityGlobals) = postSolution
		SolutionGuid = {0E610AF8-FD03-4A14-A029-861E70A8D081}
	EndGlobalSection
EndGlobal
